
Microsoft Visual Studio Solution File, Format Version 12.00
# Visual Studio 15
VisualStudioVersion = 15.0.27130.2027
MinimumVisualStudioVersion = 10.0.40219.1
Project("{888888A0-9F3D-457C-B088-3A5042F75D52}") = "Test", "Test\Test.pyproj", "{911D08EB-E63C-47CC-BC54-D9CBA23DEBB3}"
EndProject
Global
	GlobalSection(SolutionConfigurationPlatforms) = preSolution
		Debug|Any CPU = Debug|Any CPU
		Release|Any CPU = Release|Any CPU
	EndGlobalSection
	GlobalSection(ProjectConfigurationPlatforms) = postSolution
		{911D08EB-E63C-47CC-BC54-D9CBA23DEBB3}.Debug|Any CPU.ActiveCfg = Debug|Any CPU
		{911D08EB-E63C-47CC-BC54-D9CBA23DEBB3}.Release|Any CPU.ActiveCfg = Release|Any CPU
	EndGlobalSection
	GlobalSection(SolutionProperties) = preSolution
		HideSolutionNode = FALSE
	EndGlobalSection
	GlobalSection(ExtensibilityGlobals) = postSolution
		SolutionGuid = {AA9E915B-A4D9-4E54-9F77-19CDDE5AB2C6}
	EndGlobalSection
EndGlobal
