
Microsoft Visual Studio Solution File, Format Version 12.00
# Visual Studio 15
VisualStudioVersion = 15.0.27130.2027
MinimumVisualStudioVersion = 10.0.40219.1
Project("{888888A0-9F3D-457C-B088-3A5042F75D52}") = "How Many DictVals", "How Many DictVals\How Many DictVals.pyproj", "{ACD01FA1-FB89-4A4B-9AE5-D108464570A1}"
EndProject
Global
	GlobalSection(SolutionConfigurationPlatforms) = preSolution
		Debug|Any CPU = Debug|Any CPU
		Release|Any CPU = Release|Any CPU
	EndGlobalSection
	GlobalSection(ProjectConfigurationPlatforms) = postSolution
		{ACD01FA1-FB89-4A4B-9AE5-D108464570A1}.Debug|Any CPU.ActiveCfg = Debug|Any CPU
		{ACD01FA1-FB89-4A4B-9AE5-D108464570A1}.Release|Any CPU.ActiveCfg = Release|Any CPU
	EndGlobalSection
	GlobalSection(SolutionProperties) = preSolution
		HideSolutionNode = FALSE
	EndGlobalSection
	GlobalSection(ExtensibilityGlobals) = postSolution
		SolutionGuid = {5EDAF82D-9F37-4364-9958-5E041CEF2C37}
	EndGlobalSection
EndGlobal
