
Microsoft Visual Studio Solution File, Format Version 12.00
# Visual Studio 15
VisualStudioVersion = 15.0.27130.2027
MinimumVisualStudioVersion = 10.0.40219.1
Project("{888888A0-9F3D-457C-B088-3A5042F75D52}") = "Snake Game", "Snake Game.pyproj", "{6ADDE7AF-416F-41FA-B769-4B58F47E4DDD}"
EndProject
Global
	GlobalSection(SolutionConfigurationPlatforms) = preSolution
		Debug|Any CPU = Debug|Any CPU
		Release|Any CPU = Release|Any CPU
	EndGlobalSection
	GlobalSection(ProjectConfigurationPlatforms) = postSolution
		{6ADDE7AF-416F-41FA-B769-4B58F47E4DDD}.Debug|Any CPU.ActiveCfg = Debug|Any CPU
		{6ADDE7AF-416F-41FA-B769-4B58F47E4DDD}.Release|Any CPU.ActiveCfg = Release|Any CPU
	EndGlobalSection
	GlobalSection(SolutionProperties) = preSolution
		HideSolutionNode = FALSE
	EndGlobalSection
	GlobalSection(ExtensibilityGlobals) = postSolution
		SolutionGuid = {ED9D1F7D-4161-486F-AAE1-F32217B21E5A}
	EndGlobalSection
EndGlobal
