
Microsoft Visual Studio Solution File, Format Version 12.00
# Visual Studio 15
VisualStudioVersion = 15.0.27130.2027
MinimumVisualStudioVersion = 10.0.40219.1
Project("{888888A0-9F3D-457C-B088-3A5042F75D52}") = "Using Dictionary", "Using Dictionary\Using Dictionary.pyproj", "{CCCEA2E7-0DDA-4956-87FC-0D368A657E4D}"
EndProject
Global
	GlobalSection(SolutionConfigurationPlatforms) = preSolution
		Debug|Any CPU = Debug|Any CPU
		Release|Any CPU = Release|Any CPU
	EndGlobalSection
	GlobalSection(ProjectConfigurationPlatforms) = postSolution
		{CCCEA2E7-0DDA-4956-87FC-0D368A657E4D}.Debug|Any CPU.ActiveCfg = Debug|Any CPU
		{CCCEA2E7-0DDA-4956-87FC-0D368A657E4D}.Release|Any CPU.ActiveCfg = Release|Any CPU
	EndGlobalSection
	GlobalSection(SolutionProperties) = preSolution
		HideSolutionNode = FALSE
	EndGlobalSection
	GlobalSection(ExtensibilityGlobals) = postSolution
		SolutionGuid = {AC65640D-A8A1-4F69-92DA-FD176DC54827}
	EndGlobalSection
EndGlobal
