
Microsoft Visual Studio Solution File, Format Version 12.00
# Visual Studio 15
VisualStudioVersion = 15.0.27130.2027
MinimumVisualStudioVersion = 10.0.40219.1
Project("{888888A0-9F3D-457C-B088-3A5042F75D52}") = "Gradebook Class", "Gradebook Class.pyproj", "{318B904F-DB0B-4076-87C6-57E283BD359C}"
EndProject
Global
	GlobalSection(SolutionConfigurationPlatforms) = preSolution
		Debug|Any CPU = Debug|Any CPU
		Release|Any CPU = Release|Any CPU
	EndGlobalSection
	GlobalSection(ProjectConfigurationPlatforms) = postSolution
		{318B904F-DB0B-4076-87C6-57E283BD359C}.Debug|Any CPU.ActiveCfg = Debug|Any CPU
		{318B904F-DB0B-4076-87C6-57E283BD359C}.Release|Any CPU.ActiveCfg = Release|Any CPU
	EndGlobalSection
	GlobalSection(SolutionProperties) = preSolution
		HideSolutionNode = FALSE
	EndGlobalSection
	GlobalSection(ExtensibilityGlobals) = postSolution
		SolutionGuid = {C24EDA2D-B43B-42B4-AD14-0D5CB46F1E19}
	EndGlobalSection
EndGlobal
