
Microsoft Visual Studio Solution File, Format Version 12.00
# Visual Studio 15
VisualStudioVersion = 15.0.27130.2027
MinimumVisualStudioVersion = 10.0.40219.1
Project("{888888A0-9F3D-457C-B088-3A5042F75D52}") = "Classes", "Classes.pyproj", "{A03732DF-8783-4F6F-AA4B-5F3182721875}"
EndProject
Global
	GlobalSection(SolutionConfigurationPlatforms) = preSolution
		Debug|Any CPU = Debug|Any CPU
		Release|Any CPU = Release|Any CPU
	EndGlobalSection
	GlobalSection(ProjectConfigurationPlatforms) = postSolution
		{A03732DF-8783-4F6F-AA4B-5F3182721875}.Debug|Any CPU.ActiveCfg = Debug|Any CPU
		{A03732DF-8783-4F6F-AA4B-5F3182721875}.Release|Any CPU.ActiveCfg = Release|Any CPU
	EndGlobalSection
	GlobalSection(SolutionProperties) = preSolution
		HideSolutionNode = FALSE
	EndGlobalSection
	GlobalSection(ExtensibilityGlobals) = postSolution
		SolutionGuid = {B0A054A8-1C79-4F7F-BC61-EF9E89DB80AB}
	EndGlobalSection
EndGlobal
