
Microsoft Visual Studio Solution File, Format Version 12.00
# Visual Studio 15
VisualStudioVersion = 15.0.27130.2027
MinimumVisualStudioVersion = 10.0.40219.1
Project("{888888A0-9F3D-457C-B088-3A5042F75D52}") = "KnapSack Search Tree", "KnapSack Search Tree.pyproj", "{9C322928-E48F-48C9-9F33-4BD528452D7A}"
EndProject
Global
	GlobalSection(SolutionConfigurationPlatforms) = preSolution
		Debug|Any CPU = Debug|Any CPU
		Release|Any CPU = Release|Any CPU
	EndGlobalSection
	GlobalSection(ProjectConfigurationPlatforms) = postSolution
		{9C322928-E48F-48C9-9F33-4BD528452D7A}.Debug|Any CPU.ActiveCfg = Debug|Any CPU
		{9C322928-E48F-48C9-9F33-4BD528452D7A}.Release|Any CPU.ActiveCfg = Release|Any CPU
	EndGlobalSection
	GlobalSection(SolutionProperties) = preSolution
		HideSolutionNode = FALSE
	EndGlobalSection
	GlobalSection(ExtensibilityGlobals) = postSolution
		SolutionGuid = {022836A6-BC9C-48D6-9FB0-74BA4D2ADE1B}
	EndGlobalSection
EndGlobal
