
Microsoft Visual Studio Solution File, Format Version 12.00
# Visual Studio 15
VisualStudioVersion = 15.0.27130.2027
MinimumVisualStudioVersion = 10.0.40219.1
Project("{888888A0-9F3D-457C-B088-3A5042F75D52}") = "MITx 6.00.2x Exercise 2", "MITx 6.00.2x Exercise 2.pyproj", "{D90172AA-A13B-4989-ADAF-BD3F4F747F3D}"
EndProject
Global
	GlobalSection(SolutionConfigurationPlatforms) = preSolution
		Debug|Any CPU = Debug|Any CPU
		Release|Any CPU = Release|Any CPU
	EndGlobalSection
	GlobalSection(ProjectConfigurationPlatforms) = postSolution
		{D90172AA-A13B-4989-ADAF-BD3F4F747F3D}.Debug|Any CPU.ActiveCfg = Debug|Any CPU
		{D90172AA-A13B-4989-ADAF-BD3F4F747F3D}.Release|Any CPU.ActiveCfg = Release|Any CPU
	EndGlobalSection
	GlobalSection(SolutionProperties) = preSolution
		HideSolutionNode = FALSE
	EndGlobalSection
	GlobalSection(ExtensibilityGlobals) = postSolution
		SolutionGuid = {48EC0600-435A-492A-B8D4-40241CBF6C72}
	EndGlobalSection
EndGlobal
