
Microsoft Visual Studio Solution File, Format Version 12.00
# Visual Studio 15
VisualStudioVersion = 15.0.27130.2027
MinimumVisualStudioVersion = 10.0.40219.1
Project("{888888A0-9F3D-457C-B088-3A5042F75D52}") = "MITx 6.00.2x Coin Flip Confidence Intervals", "MITx 6.00.2x Coin Flip Confidence Intervals.pyproj", "{E6B77812-1F66-47EA-83AE-062846921EF0}"
EndProject
Global
	GlobalSection(SolutionConfigurationPlatforms) = preSolution
		Debug|Any CPU = Debug|Any CPU
		Release|Any CPU = Release|Any CPU
	EndGlobalSection
	GlobalSection(ProjectConfigurationPlatforms) = postSolution
		{E6B77812-1F66-47EA-83AE-062846921EF0}.Debug|Any CPU.ActiveCfg = Debug|Any CPU
		{E6B77812-1F66-47EA-83AE-062846921EF0}.Release|Any CPU.ActiveCfg = Release|Any CPU
	EndGlobalSection
	GlobalSection(SolutionProperties) = preSolution
		HideSolutionNode = FALSE
	EndGlobalSection
	GlobalSection(ExtensibilityGlobals) = postSolution
		SolutionGuid = {FEDADF05-8CED-4F44-9ABD-6126341D7597}
	EndGlobalSection
EndGlobal
