
Microsoft Visual Studio Solution File, Format Version 12.00
# Visual Studio 15
VisualStudioVersion = 15.0.27130.2027
MinimumVisualStudioVersion = 10.0.40219.1
Project("{888888A0-9F3D-457C-B088-3A5042F75D52}") = "KnapSack Problem", "KnapSack Problem.pyproj", "{2729A45B-9E70-46C4-A0E6-1AAE3517BDB3}"
EndProject
Global
	GlobalSection(SolutionConfigurationPlatforms) = preSolution
		Debug|Any CPU = Debug|Any CPU
		Release|Any CPU = Release|Any CPU
	EndGlobalSection
	GlobalSection(ProjectConfigurationPlatforms) = postSolution
		{2729A45B-9E70-46C4-A0E6-1AAE3517BDB3}.Debug|Any CPU.ActiveCfg = Debug|Any CPU
		{2729A45B-9E70-46C4-A0E6-1AAE3517BDB3}.Release|Any CPU.ActiveCfg = Release|Any CPU
	EndGlobalSection
	GlobalSection(SolutionProperties) = preSolution
		HideSolutionNode = FALSE
	EndGlobalSection
	GlobalSection(ExtensibilityGlobals) = postSolution
		SolutionGuid = {8FBF0482-4225-4108-9C29-44573F3F38F7}
	EndGlobalSection
EndGlobal
