
Microsoft Visual Studio Solution File, Format Version 12.00
# Visual Studio 15
VisualStudioVersion = 15.0.27130.2027
MinimumVisualStudioVersion = 10.0.40219.1
Project("{888888A0-9F3D-457C-B088-3A5042F75D52}") = "Hangman Game", "Hangman Game\Hangman Game.pyproj", "{859B7121-26EC-4352-B9DF-D49899FC7AD5}"
EndProject
Global
	GlobalSection(SolutionConfigurationPlatforms) = preSolution
		Debug|Any CPU = Debug|Any CPU
		Release|Any CPU = Release|Any CPU
	EndGlobalSection
	GlobalSection(ProjectConfigurationPlatforms) = postSolution
		{859B7121-26EC-4352-B9DF-D49899FC7AD5}.Debug|Any CPU.ActiveCfg = Debug|Any CPU
		{859B7121-26EC-4352-B9DF-D49899FC7AD5}.Release|Any CPU.ActiveCfg = Release|Any CPU
	EndGlobalSection
	GlobalSection(SolutionProperties) = preSolution
		HideSolutionNode = FALSE
	EndGlobalSection
	GlobalSection(ExtensibilityGlobals) = postSolution
		SolutionGuid = {ED77E318-A8F6-4354-BC27-14C7085A26F0}
	EndGlobalSection
EndGlobal
