
Microsoft Visual Studio Solution File, Format Version 12.00
# Visual Studio 15
VisualStudioVersion = 15.0.27130.2027
MinimumVisualStudioVersion = 10.0.40219.1
Project("{888888A0-9F3D-457C-B088-3A5042F75D52}") = "Lambda", "Lambda.pyproj", "{FD9CA997-5DDB-4BEB-AC5C-FDAE4DAFD5FE}"
EndProject
Global
	GlobalSection(SolutionConfigurationPlatforms) = preSolution
		Debug|Any CPU = Debug|Any CPU
		Release|Any CPU = Release|Any CPU
	EndGlobalSection
	GlobalSection(ProjectConfigurationPlatforms) = postSolution
		{FD9CA997-5DDB-4BEB-AC5C-FDAE4DAFD5FE}.Debug|Any CPU.ActiveCfg = Debug|Any CPU
		{FD9CA997-5DDB-4BEB-AC5C-FDAE4DAFD5FE}.Release|Any CPU.ActiveCfg = Release|Any CPU
	EndGlobalSection
	GlobalSection(SolutionProperties) = preSolution
		HideSolutionNode = FALSE
	EndGlobalSection
	GlobalSection(ExtensibilityGlobals) = postSolution
		SolutionGuid = {6F2F1AD2-34A5-4345-BC11-71B6DFAE13C9}
	EndGlobalSection
EndGlobal
