
Microsoft Visual Studio Solution File, Format Version 12.00
# Visual Studio 15
VisualStudioVersion = 15.0.27130.2027
MinimumVisualStudioVersion = 10.0.40219.1
Project("{888888A0-9F3D-457C-B088-3A5042F75D52}") = "MITx 6.00.2x Module 1 Problem Sets", "MITx 6.00.2x Module 1 Problem Sets.pyproj", "{F9664C2F-45DF-4019-8073-A85B07042EC6}"
EndProject
Global
	GlobalSection(SolutionConfigurationPlatforms) = preSolution
		Debug|Any CPU = Debug|Any CPU
		Release|Any CPU = Release|Any CPU
	EndGlobalSection
	GlobalSection(ProjectConfigurationPlatforms) = postSolution
		{F9664C2F-45DF-4019-8073-A85B07042EC6}.Debug|Any CPU.ActiveCfg = Debug|Any CPU
		{F9664C2F-45DF-4019-8073-A85B07042EC6}.Release|Any CPU.ActiveCfg = Release|Any CPU
	EndGlobalSection
	GlobalSection(SolutionProperties) = preSolution
		HideSolutionNode = FALSE
	EndGlobalSection
	GlobalSection(ExtensibilityGlobals) = postSolution
		SolutionGuid = {54DB504A-C3A6-4196-9BE8-4401466E83AA}
	EndGlobalSection
EndGlobal
