
Microsoft Visual Studio Solution File, Format Version 12.00
# Visual Studio 15
VisualStudioVersion = 15.0.27130.2027
MinimumVisualStudioVersion = 10.0.40219.1
Project("{888888A0-9F3D-457C-B088-3A5042F75D52}") = "dotProduct", "dotProduct\dotProduct.pyproj", "{5531F464-FA66-4298-BB34-73F5D68EE52F}"
EndProject
Global
	GlobalSection(SolutionConfigurationPlatforms) = preSolution
		Debug|Any CPU = Debug|Any CPU
		Release|Any CPU = Release|Any CPU
	EndGlobalSection
	GlobalSection(ProjectConfigurationPlatforms) = postSolution
		{5531F464-FA66-4298-BB34-73F5D68EE52F}.Debug|Any CPU.ActiveCfg = Debug|Any CPU
		{5531F464-FA66-4298-BB34-73F5D68EE52F}.Release|Any CPU.ActiveCfg = Release|Any CPU
	EndGlobalSection
	GlobalSection(SolutionProperties) = preSolution
		HideSolutionNode = FALSE
	EndGlobalSection
	GlobalSection(ExtensibilityGlobals) = postSolution
		SolutionGuid = {1B551084-B97A-4FDC-9414-1E52815F4B00}
	EndGlobalSection
EndGlobal
