
Microsoft Visual Studio Solution File, Format Version 12.00
# Visual Studio 15
VisualStudioVersion = 15.0.27130.2027
MinimumVisualStudioVersion = 10.0.40219.1
Project("{888888A0-9F3D-457C-B088-3A5042F75D52}") = "Random Walk (Location, Field, and Drunk)", "Random Walk (Location, Field, and Drunk).pyproj", "{EA7FC510-5D0F-481B-B914-E037DFB83F0E}"
EndProject
Global
	GlobalSection(SolutionConfigurationPlatforms) = preSolution
		Debug|Any CPU = Debug|Any CPU
		Release|Any CPU = Release|Any CPU
	EndGlobalSection
	GlobalSection(ProjectConfigurationPlatforms) = postSolution
		{EA7FC510-5D0F-481B-B914-E037DFB83F0E}.Debug|Any CPU.ActiveCfg = Debug|Any CPU
		{EA7FC510-5D0F-481B-B914-E037DFB83F0E}.Release|Any CPU.ActiveCfg = Release|Any CPU
	EndGlobalSection
	GlobalSection(SolutionProperties) = preSolution
		HideSolutionNode = FALSE
	EndGlobalSection
	GlobalSection(ExtensibilityGlobals) = postSolution
		SolutionGuid = {304087CC-FBCE-4F5A-86EA-53E6FF215493}
	EndGlobalSection
EndGlobal
