
Microsoft Visual Studio Solution File, Format Version 12.00
# Visual Studio 15
VisualStudioVersion = 15.0.27130.2027
MinimumVisualStudioVersion = 10.0.40219.1
Project("{888888A0-9F3D-457C-B088-3A5042F75D52}") = "Search and Sort Algorithms", "Search and Sort Algorithms.pyproj", "{8A52D319-4C1D-4EB2-815C-3A11241AA4DD}"
EndProject
Global
	GlobalSection(SolutionConfigurationPlatforms) = preSolution
		Debug|Any CPU = Debug|Any CPU
		Release|Any CPU = Release|Any CPU
	EndGlobalSection
	GlobalSection(ProjectConfigurationPlatforms) = postSolution
		{8A52D319-4C1D-4EB2-815C-3A11241AA4DD}.Debug|Any CPU.ActiveCfg = Debug|Any CPU
		{8A52D319-4C1D-4EB2-815C-3A11241AA4DD}.Release|Any CPU.ActiveCfg = Release|Any CPU
	EndGlobalSection
	GlobalSection(SolutionProperties) = preSolution
		HideSolutionNode = FALSE
	EndGlobalSection
	GlobalSection(ExtensibilityGlobals) = postSolution
		SolutionGuid = {C33A5D09-4227-45F6-9BD2-FB6583086FF3}
	EndGlobalSection
EndGlobal
